version: 2.0
shards:
  clim:
    git: https://github.com/at-grandpa/clim.git
    version: 0.13.0

  lsp:
    git: https://github.com/jemc/crystal-lsp.git
    version: 0.1.0+git.commit.3dee3e0a8596aa647860c3df191310843520b984

  pegmatite:
    git: https://github.com/jemc/crystal-pegmatite.git
    version: 0.2.1+git.commit.601363cb2ce9c57ccc70967eb270005950f2f7b0

