version: 2.0
shards:
  clang:
    git: https://github.com/crystal-lang/clang.cr.git
    version: 0.3.0

  clim:
    git: https://github.com/at-grandpa/clim.git
    version: 0.13.0

  lsp:
    git: https://github.com/jemc/crystal-lsp.git
    version: 0.1.0+git.commit.3dee3e0a8596aa647860c3df191310843520b984

  pegmatite:
    git: https://github.com/jemc/crystal-pegmatite.git
    version: 0.2.3+git.commit.59b3afb296e79a0eea1a7d35db1d093cfc03f420

